
Microsoft Visual Studio Solution File, Format Version 12.00
# Visual Studio Version 17
VisualStudioVersion = 17.3.32901.215
MinimumVisualStudioVersion = 10.0.40219.1
Project("{FAE04EC0-301F-11D3-BF4B-00C04F79EFBC}") = "ReplaceText", "ReplaceText\ReplaceText.csproj", "{543171E5-09D4-495A-A199-ED8C590FFF70}"
EndProject
Global
	GlobalSection(SolutionConfigurationPlatforms) = preSolution
		Debug|Any CPU = Debug|Any CPU
		Release|Any CPU = Release|Any CPU
	EndGlobalSection
	GlobalSection(ProjectConfigurationPlatforms) = postSolution
		{543171E5-09D4-495A-A199-ED8C590FFF70}.Debug|Any CPU.ActiveCfg = Debug|Any CPU
		{543171E5-09D4-495A-A199-ED8C590FFF70}.Debug|Any CPU.Build.0 = Debug|Any CPU
		{543171E5-09D4-495A-A199-ED8C590FFF70}.Release|Any CPU.ActiveCfg = Release|Any CPU
		{543171E5-09D4-495A-A199-ED8C590FFF70}.Release|Any CPU.Build.0 = Release|Any CPU
	EndGlobalSection
	GlobalSection(SolutionProperties) = preSolution
		HideSolutionNode = FALSE
	EndGlobalSection
	GlobalSection(ExtensibilityGlobals) = postSolution
		SolutionGuid = {D6516402-E300-41CB-99CA-558C6336CD1C}
	EndGlobalSection
EndGlobal
